// !$*UTF8*$!
{
	archiveVersion = 1;
	classes = {
	};
	objectVersion = 46;
	objects = {

/* Begin PBXBuildFile section */
		FDA7EEFD1CA763DF005C6734 /* main.m in Sources */ = {isa = PBXBuildFile; fileRef = FDA7EEFC1CA763DF005C6734 /* main.m */; };
		FDA7EF001CA763DF005C6734 /* AppDelegate.m in Sources */ = {isa = PBXBuildFile; fileRef = FDA7EEFF1CA763DF005C6734 /* AppDelegate.m */; };
		FDA7EF031CA763DF005C6734 /* MainViewController.m in Sources */ = {isa = PBXBuildFile; fileRef = FDA7EF021CA763DF005C6734 /* MainViewController.m */; };
		FDA7EF081CA763DF005C6734 /* Assets.xcassets in Resources */ = {isa = PBXBuildFile; fileRef = FDA7EF071CA763DF005C6734 /* Assets.xcassets */; };
/* End PBXBuildFile section */

/* Begin PBXFileReference section */
		FDA7EEF81CA763DF005C6734 /* CATransform3DDemo.app */ = {isa = PBXFileReference; explicitFileType = wrapper.application; includeInIndex = 0; path = CATransform3DDemo.app; sourceTree = BUILT_PRODUCTS_DIR; };
		FDA7EEFC1CA763DF005C6734 /* main.m */ = {isa = PBXFileReference; lastKnownFileType = sourcecode.c.objc; path = main.m; sourceTree = "<group>"; };
		FDA7EEFE1CA763DF005C6734 /* AppDelegate.h */ = {isa = PBXFileReference; lastKnownFileType = sourcecode.c.h; path = AppDelegate.h; sourceTree = "<group>"; };
		FDA7EEFF1CA763DF005C6734 /* AppDelegate.m */ = {isa = PBXFileReference; lastKnownFileType = sourcecode.c.objc; path = AppDelegate.m; sourceTree = "<group>"; };
		FDA7EF011CA763DF005C6734 /* MainViewController.h */ = {isa = PBXFileReference; lastKnownFileType = sourcecode.c.h; path = MainViewController.h; sourceTree = "<group>"; };
		FDA7EF021CA763DF005C6734 /* MainViewController.m */ = {isa = PBXFileReference; lastKnownFileType = sourcecode.c.objc; path = MainViewController.m; sourceTree = "<group>"; };
		FDA7EF071CA763DF005C6734 /* Assets.xcassets */ = {isa = PBXFileReference; lastKnownFileType = folder.assetcatalog; path = Assets.xcassets; sourceTree = "<group>"; };
		FDA7EF0C1CA763DF005C6734 /* Info.plist */ = {isa = PBXFileReference; lastKnownFileType = text.plist.xml; path = Info.plist; sourceTree = "<group>"; };
/* End PBXFileReference section */

/* Begin PBXFrameworksBuildPhase section */
		FDA7EEF51CA763DF005C6734 /* Frameworks */ = {
			isa = PBXFrameworksBuildPhase;
			buildActionMask = 2147483647;
			files = (
			);
			runOnlyForDeploymentPostprocessing = 0;
		};
/* End PBXFrameworksBuildPhase section */

/* Begin PBXGroup section */
		FDA7EEEF1CA763DF005C6734 = {
			isa = PBXGroup;
			children = (
				FDA7EEFA1CA763DF005C6734 /* CATransform3DDemo */,
				FDA7EEF91CA763DF005C6734 /* Products */,
			);
			sourceTree = "<group>";
		};
		FDA7EEF91CA763DF005C6734 /* Products */ = {
			isa = PBXGroup;
			children = (
				FDA7EEF81CA763DF005C6734 /* CATransform3DDemo.app */,
			);
			name = Products;
			sourceTree = "<group>";
		};
		FDA7EEFA1CA763DF005C6734 /* CATransform3DDemo */ = {
			isa = PBXGroup;
			children = (
				FDA7EEFE1CA763DF005C6734 /* AppDelegate.h */,
				FDA7EEFF1CA763DF005C6734 /* AppDelegate.m */,
				FDA7EF011CA763DF005C6734 /* MainViewController.h */,
				FDA7EF021CA763DF005C6734 /* MainViewController.m */,
				FDA7EF071CA763DF005C6734 /* Assets.xcassets */,
				FDA7EF0C1CA763DF005C6734 /* Info.plist */,
				FDA7EEFB1CA763DF005C6734 /* Supporting Files */,
			);
			path = CATransform3DDemo;
			sourceTree = "<group>";
		};
		FDA7EEFB1CA763DF005C6734 /* Supporting Files */ = {
			isa = PBXGroup;
			children = (
				FDA7EEFC1CA763DF005C6734 /* main.m */,
			);
			name = "Supporting Files";
			sourceTree = "<group>";
		};
/* End PBXGroup section */

/* Begin PBXNativeTarget section */
		FDA7EEF71CA763DF005C6734 /* CATransform3DDemo */ = {
			isa = PBXNativeTarget;
			buildConfigurationList = FDA7EF0F1CA763DF005C6734 /* Build configuration list for PBXNativeTarget "CATransform3DDemo" */;
			buildPhases = (
				FDA7EEF41CA763DF005C6734 /* Sources */,
				FDA7EEF51CA763DF005C6734 /* Frameworks */,
				FDA7EEF61CA763DF005C6734 /* Resources */,
			);
			buildRules = (
			);
			dependencies = (
			);
			name = CATransform3DDemo;
			productName = CATransform3DDemo;
			productReference = FDA7EEF81CA763DF005C6734 /* CATransform3DDemo.app */;
			productType = "com.apple.product-type.application";
		};
/* End PBXNativeTarget section */

/* Begin PBXProject section */
		FDA7EEF01CA763DF005C6734 /* Project object */ = {
			isa = PBXProject;
			attributes = {
				LastUpgradeCheck = 0730;
				ORGANIZATIONNAME = David;
				TargetAttributes = {
					FDA7EEF71CA763DF005C6734 = {
						CreatedOnToolsVersion = 7.3;
					};
				};
			};
			buildConfigurationList = FDA7EEF31CA763DF005C6734 /* Build configuration list for PBXProject "CATransform3DDemo" */;
			compatibilityVersion = "Xcode 3.2";
			developmentRegion = English;
			hasScannedForEncodings = 0;
			knownRegions = (
				en,
				Base,
			);
			mainGroup = FDA7EEEF1CA763DF005C6734;
			productRefGroup = FDA7EEF91CA763DF005C6734 /* Products */;
			projectDirPath = "";
			projectRoot = "";
			targets = (
				FDA7EEF71CA763DF005C6734 /* CATransform3DDemo */,
			);
		};
/* End PBXProject section */

/* Begin PBXResourcesBuildPhase section */
		FDA7EEF61CA763DF005C6734 /* Resources */ = {
			isa = PBXResourcesBuildPhase;
			buildActionMask = 2147483647;
			files = (
				FDA7EF081CA763DF005C6734 /* Assets.xcassets in Resources */,
			);
			runOnlyForDeploymentPostprocessing = 0;
		};
/* End PBXResourcesBuildPhase section */

/* Begin PBXSourcesBuildPhase section */
		FDA7EEF41CA763DF005C6734 /* Sources */ = {
			isa = PBXSourcesBuildPhase;
			buildActionMask = 2147483647;
			files = (
				FDA7EF031CA763DF005C6734 /* MainViewController.m in Sources */,
				FDA7EF001CA763DF005C6734 /* AppDelegate.m in Sources */,
				FDA7EEFD1CA763DF005C6734 /* main.m in Sources */,
			);
			runOnlyForDeploymentPostprocessing = 0;
		};
/* End PBXSourcesBuildPhase section */

/* Begin XCBuildConfiguration section */
		FDA7EF0D1CA763DF005C6734 /* Debug */ = {
			isa = XCBuildConfiguration;
			buildSettings = {
				ALWAYS_SEARCH_USER_PATHS = NO;
				CLANG_ANALYZER_NONNULL = YES;
				CLANG_CXX_LANGUAGE_STANDARD = "gnu++0x";
				CLANG_CXX_LIBRARY = "libc++";
				CLANG_ENABLE_MODULES = YES;
				CLANG_ENABLE_OBJC_ARC = YES;
				CLANG_WARN_BOOL_CONVERSION = YES;
				CLANG_WARN_CONSTANT_CONVERSION = YES;
				CLANG_WARN_DIRECT_OBJC_ISA_USAGE = YES_ERROR;
				CLANG_WARN_EMPTY_BODY = YES;
				CLANG_WARN_ENUM_CONVERSION = YES;
				CLANG_WARN_INT_CONVERSION = YES;
				CLANG_WARN_OBJC_ROOT_CLASS = YES_ERROR;
				CLANG_WARN_UNREACHABLE_CODE = YES;
				CLANG_WARN__DUPLICATE_METHOD_MATCH = YES;
				"CODE_SIGN_IDENTITY[sdk=iphoneos*]" = "iPhone Developer";
				COPY_PHASE_STRIP = NO;
				DEBUG_INFORMATION_FORMAT = dwarf;
				ENABLE_STRICT_OBJC_MSGSEND = YES;
				ENABLE_TESTABILITY = YES;
				GCC_C_LANGUAGE_STANDARD = gnu99;
				GCC_DYNAMIC_NO_PIC = NO;
				GCC_NO_COMMON_BLOCKS = YES;
				GCC_OPTIMIZATION_LEVEL = 0;
				GCC_PREPROCESSOR_DEFINITIONS = (
					"DEBUG=1",
					"$(inherited)",
				);
				GCC_WARN_64_TO_32_BIT_CONVERSION = YES;
				GCC_WARN_ABOUT_RETURN_TYPE = YES_ERROR;
				GCC_WARN_UNDECLARED_SELECTOR = YES;
				GCC_WARN_UNINITIALIZED_AUTOS = YES_AGGRESSIVE;
				GCC_WARN_UNUSED_FUNCTION = YES;
				GCC_WARN_UNUSED_VARIABLE = YES;
				IPHONEOS_DEPLOYMENT_TARGET = 9.3;
				MTL_ENABLE_DEBUG_INFO = YES;
				ONLY_ACTIVE_ARCH = YES;
				SDKROOT = iphoneos;
				TARGETED_DEVICE_FAMILY = "1,2";
			};
			name = Debug;
		};
		FDA7EF0E1CA763DF005C6734 /* Release */ = {
			isa = XCBuildConfiguration;
			buildSettings = {
				ALWAYS_SEARCH_USER_PATHS = NO;
				CLANG_ANALYZER_NONNULL = YES;
				CLANG_CXX_LANGUAGE_STANDARD = "gnu++0x";
				CLANG_CXX_LIBRARY = "libc++";
				CLANG_ENABLE_MODULES = YES;
				CLANG_ENABLE_OBJC_ARC = YES;
				CLANG_WARN_BOOL_CONVERSION = YES;
				CLANG_WARN_CONSTANT_CONVERSION = YES;
				CLANG_WARN_DIRECT_OBJC_ISA_USAGE = YES_ERROR;
				CLANG_WARN_EMPTY_BODY = YES;
				CLANG_WARN_ENUM_CONVERSION = YES;
				CLANG_WARN_INT_CONVERSION = YES;
				CLANG_WARN_OBJC_ROOT_CLASS = YES_ERROR;
				CLANG_WARN_UNREACHABLE_CODE = YES;
				CLANG_WARN__DUPLICATE_METHOD_MATCH = YES;
				"CODE_SIGN_IDENTITY[sdk=iphoneos*]" = "iPhone Developer";
				COPY_PHASE_STRIP = NO;
				DEBUG_INFORMATION_FORMAT = "dwarf-with-dsym";
				ENABLE_NS_ASSERTIONS = NO;
				ENABLE_STRICT_OBJC_MSGSEND = YES;
				GCC_C_LANGUAGE_STANDARD = gnu99;
				GCC_NO_COMMON_BLOCKS = YES;
				GCC_WARN_64_TO_32_BIT_CONVERSION = YES;
				GCC_WARN_ABOUT_RETURN_TYPE = YES_ERROR;
				GCC_WARN_UNDECLARED_SELECTOR = YES;
				GCC_WARN_UNINITIALIZED_AUTOS = YES_AGGRESSIVE;
				GCC_WARN_UNUSED_FUNCTION = YES;
				GCC_WARN_UNUSED_VARIABLE = YES;
				IPHONEOS_DEPLOYMENT_TARGET = 9.3;
				MTL_ENABLE_DEBUG_INFO = NO;
				SDKROOT = iphoneos;
				TARGETED_DEVICE_FAMILY = "1,2";
				VALIDATE_PRODUCT = YES;
			};
			name = Release;
		};
		FDA7EF101CA763DF005C6734 /* Debug */ = {
			isa = XCBuildConfiguration;
			buildSettings = {
				ASSETCATALOG_COMPILER_APPICON_NAME = AppIcon;
				INFOPLIST_FILE = CATransform3DDemo/Info.plist;
				LD_RUNPATH_SEARCH_PATHS = "$(inherited) @executable_path/Frameworks";
				PRODUCT_BUNDLE_IDENTIFIER = xiaominge.com.CATransform3DDemo;
				PRODUCT_NAME = "$(TARGET_NAME)";
			};
			name = Debug;
		};
		FDA7EF111CA763DF005C6734 /* Release */ = {
			isa = XCBuildConfiguration;
			buildSettings = {
				ASSETCATALOG_COMPILER_APPICON_NAME = AppIcon;
				INFOPLIST_FILE = CATransform3DDemo/Info.plist;
				LD_RUNPATH_SEARCH_PATHS = "$(inherited) @executable_path/Frameworks";
				PRODUCT_BUNDLE_IDENTIFIER = xiaominge.com.CATransform3DDemo;
				PRODUCT_NAME = "$(TARGET_NAME)";
			};
			name = Release;
		};
/* End XCBuildConfiguration section */

/* Begin XCConfigurationList section */
		FDA7EEF31CA763DF005C6734 /* Build configuration list for PBXProject "CATransform3DDemo" */ = {
			isa = XCConfigurationList;
			buildConfigurations = (
				FDA7EF0D1CA763DF005C6734 /* Debug */,
				FDA7EF0E1CA763DF005C6734 /* Release */,
			);
			defaultConfigurationIsVisible = 0;
			defaultConfigurationName = Release;
		};
		FDA7EF0F1CA763DF005C6734 /* Build configuration list for PBXNativeTarget "CATransform3DDemo" */ = {
			isa = XCConfigurationList;
			buildConfigurations = (
				FDA7EF101CA763DF005C6734 /* Debug */,
				FDA7EF111CA763DF005C6734 /* Release */,
			);
			defaultConfigurationIsVisible = 0;
		};
/* End XCConfigurationList section */
	};
	rootObject = FDA7EEF01CA763DF005C6734 /* Project object */;
}
